
Microsoft Visual Studio Solution File, Format Version 12.00
# Visual Studio Version 17
VisualStudioVersion = 17.7.34221.43
MinimumVisualStudioVersion = 10.0.40219.1
Project("{FAE04EC0-301F-11D3-BF4B-00C04F79EFBC}") = "Zoomagazin", "Zoomagazin\Zoomagazin.csproj", "{376CC594-21DC-4842-9645-DB888E7AD5ED}"
EndProject
Global
	GlobalSection(SolutionConfigurationPlatforms) = preSolution
		Debug|Any CPU = Debug|Any CPU
		Release|Any CPU = Release|Any CPU
	EndGlobalSection
	GlobalSection(ProjectConfigurationPlatforms) = postSolution
		{376CC594-21DC-4842-9645-DB888E7AD5ED}.Debug|Any CPU.ActiveCfg = Debug|Any CPU
		{376CC594-21DC-4842-9645-DB888E7AD5ED}.Debug|Any CPU.Build.0 = Debug|Any CPU
		{376CC594-21DC-4842-9645-DB888E7AD5ED}.Release|Any CPU.ActiveCfg = Release|Any CPU
		{376CC594-21DC-4842-9645-DB888E7AD5ED}.Release|Any CPU.Build.0 = Release|Any CPU
	EndGlobalSection
	GlobalSection(SolutionProperties) = preSolution
		HideSolutionNode = FALSE
	EndGlobalSection
	GlobalSection(ExtensibilityGlobals) = postSolution
		SolutionGuid = {28DFD4C8-5D13-4A19-939D-01DF34EE6363}
	EndGlobalSection
EndGlobal
